
Microsoft Visual Studio Solution File, Format Version 12.00
# Visual Studio Version 17
VisualStudioVersion = 17.4.33213.308
MinimumVisualStudioVersion = 10.0.40219.1
Project("{FAE04EC0-301F-11D3-BF4B-00C04F79EFBC}") = "VTC", "VTC\VTC.csproj", "{C96289A9-A48D-4E4E-BBAC-67F76D098573}"
EndProject
Global
	GlobalSection(SolutionConfigurationPlatforms) = preSolution
		Debug|Any CPU = Debug|Any CPU
		Release|Any CPU = Release|Any CPU
	EndGlobalSection
	GlobalSection(ProjectConfigurationPlatforms) = postSolution
		{C96289A9-A48D-4E4E-BBAC-67F76D098573}.Debug|Any CPU.ActiveCfg = Debug|Any CPU
		{C96289A9-A48D-4E4E-BBAC-67F76D098573}.Debug|Any CPU.Build.0 = Debug|Any CPU
		{C96289A9-A48D-4E4E-BBAC-67F76D098573}.Release|Any CPU.ActiveCfg = Release|Any CPU
		{C96289A9-A48D-4E4E-BBAC-67F76D098573}.Release|Any CPU.Build.0 = Release|Any CPU
	EndGlobalSection
	GlobalSection(SolutionProperties) = preSolution
		HideSolutionNode = FALSE
	EndGlobalSection
	GlobalSection(ExtensibilityGlobals) = postSolution
		SolutionGuid = {6007494F-BA0F-42C5-86F5-F6E582976197}
	EndGlobalSection
EndGlobal
